
Microsoft Visual Studio Solution File, Format Version 12.00
# Visual Studio 2013
VisualStudioVersion = 12.0.40629.0
MinimumVisualStudioVersion = 10.0.40219.1
Project("{8BC9CEB8-8B4A-11D0-8D11-00A0C91BC942}") = "game", "game.vcxproj", "{DDD280D7-4B85-4B03-BBC4-C46CA9BECCCB}"
EndProject
Global
	GlobalSection(SolutionConfigurationPlatforms) = preSolution
		CD_ROM|Win32 = CD_ROM|Win32
		CD_ROM|x64 = CD_ROM|x64
		Debug|Win32 = Debug|Win32
		Debug|x64 = Debug|x64
		Degun-Release|Win32 = Degun-Release|Win32
		Degun-Release|x64 = Degun-Release|x64
		DVD-5|Win32 = DVD-5|Win32
		DVD-5|x64 = DVD-5|x64
		Release|Win32 = Release|Win32
		Release|x64 = Release|x64
		SingleImage|Win32 = SingleImage|Win32
		SingleImage|x64 = SingleImage|x64
	EndGlobalSection
	GlobalSection(ProjectConfigurationPlatforms) = postSolution
		{DDD280D7-4B85-4B03-BBC4-C46CA9BECCCB}.CD_ROM|Win32.ActiveCfg = Template|Win32
		{DDD280D7-4B85-4B03-BBC4-C46CA9BECCCB}.CD_ROM|Win32.Build.0 = Template|Win32
		{DDD280D7-4B85-4B03-BBC4-C46CA9BECCCB}.CD_ROM|x64.ActiveCfg = Template|x64
		{DDD280D7-4B85-4B03-BBC4-C46CA9BECCCB}.CD_ROM|x64.Build.0 = Template|x64
		{DDD280D7-4B85-4B03-BBC4-C46CA9BECCCB}.Debug|Win32.ActiveCfg = Debug|Win32
		{DDD280D7-4B85-4B03-BBC4-C46CA9BECCCB}.Debug|Win32.Build.0 = Debug|Win32
		{DDD280D7-4B85-4B03-BBC4-C46CA9BECCCB}.Debug|x64.ActiveCfg = Debug|x64
		{DDD280D7-4B85-4B03-BBC4-C46CA9BECCCB}.Debug|x64.Build.0 = Debug|x64
		{DDD280D7-4B85-4B03-BBC4-C46CA9BECCCB}.Degun-Release|Win32.ActiveCfg = Degun-Release|Win32
		{DDD280D7-4B85-4B03-BBC4-C46CA9BECCCB}.Degun-Release|Win32.Build.0 = Degun-Release|Win32
		{DDD280D7-4B85-4B03-BBC4-C46CA9BECCCB}.Degun-Release|x64.ActiveCfg = Degun-Release|x64
		{DDD280D7-4B85-4B03-BBC4-C46CA9BECCCB}.Degun-Release|x64.Build.0 = Degun-Release|x64
		{DDD280D7-4B85-4B03-BBC4-C46CA9BECCCB}.DVD-5|Win32.ActiveCfg = Debug|Win32
		{DDD280D7-4B85-4B03-BBC4-C46CA9BECCCB}.DVD-5|Win32.Build.0 = Debug|Win32
		{DDD280D7-4B85-4B03-BBC4-C46CA9BECCCB}.DVD-5|x64.ActiveCfg = Debug|x64
		{DDD280D7-4B85-4B03-BBC4-C46CA9BECCCB}.DVD-5|x64.Build.0 = Debug|x64
		{DDD280D7-4B85-4B03-BBC4-C46CA9BECCCB}.Release|Win32.ActiveCfg = Release|Win32
		{DDD280D7-4B85-4B03-BBC4-C46CA9BECCCB}.Release|Win32.Build.0 = Release|Win32
		{DDD280D7-4B85-4B03-BBC4-C46CA9BECCCB}.Release|x64.ActiveCfg = Release|x64
		{DDD280D7-4B85-4B03-BBC4-C46CA9BECCCB}.Release|x64.Build.0 = Release|x64
		{DDD280D7-4B85-4B03-BBC4-C46CA9BECCCB}.SingleImage|Win32.ActiveCfg = Template|Win32
		{DDD280D7-4B85-4B03-BBC4-C46CA9BECCCB}.SingleImage|Win32.Build.0 = Template|Win32
		{DDD280D7-4B85-4B03-BBC4-C46CA9BECCCB}.SingleImage|x64.ActiveCfg = Template|x64
		{DDD280D7-4B85-4B03-BBC4-C46CA9BECCCB}.SingleImage|x64.Build.0 = Template|x64
	EndGlobalSection
	GlobalSection(SolutionProperties) = preSolution
		HideSolutionNode = FALSE
	EndGlobalSection
EndGlobal
